
Microsoft Visual Studio Solution File, Format Version 12.00
# Visual Studio Version 16
VisualStudioVersion = 16.0.31729.503
MinimumVisualStudioVersion = 10.0.40219.1
Project("{FAE04EC0-301F-11D3-BF4B-00C04F79EFBC}") = "checkMD5_x64", "checkMD5_x64\checkMD5_x64.csproj", "{F7D85B76-AAE4-44D0-AC21-09ADFE9CAFB4}"
EndProject
Global
	GlobalSection(SolutionConfigurationPlatforms) = preSolution
		Debug|Any CPU = Debug|Any CPU
		Release|Any CPU = Release|Any CPU
	EndGlobalSection
	GlobalSection(ProjectConfigurationPlatforms) = postSolution
		{F7D85B76-AAE4-44D0-AC21-09ADFE9CAFB4}.Debug|Any CPU.ActiveCfg = Debug|Any CPU
		{F7D85B76-AAE4-44D0-AC21-09ADFE9CAFB4}.Debug|Any CPU.Build.0 = Debug|Any CPU
		{F7D85B76-AAE4-44D0-AC21-09ADFE9CAFB4}.Release|Any CPU.ActiveCfg = Release|Any CPU
		{F7D85B76-AAE4-44D0-AC21-09ADFE9CAFB4}.Release|Any CPU.Build.0 = Release|Any CPU
	EndGlobalSection
	GlobalSection(SolutionProperties) = preSolution
		HideSolutionNode = FALSE
	EndGlobalSection
	GlobalSection(ExtensibilityGlobals) = postSolution
		SolutionGuid = {E3650E40-BAB9-4D45-82CC-84BEEDD45688}
	EndGlobalSection
EndGlobal
